
Microsoft Visual Studio Solution File, Format Version 11.00
# Visual Studio 2010
Project("{FAE04EC0-301F-11D3-BF4B-00C04F79EFBC}") = "Assembly-CSharp", "Assembly-CSharp.csproj", "{C8CD5050-3C7F-11F7-756D-E9DBCACA6E81}"
EndProject
Global
	GlobalSection(SolutionConfigurationPlatforms) = preSolution
		Debug|Any CPU = Debug|Any CPU
		Release|Any CPU = Release|Any CPU
	EndGlobalSection
	GlobalSection(ProjectConfigurationPlatforms) = postSolution
		{C8CD5050-3C7F-11F7-756D-E9DBCACA6E81}.Debug|Any CPU.ActiveCfg = Debug|Any CPU
		{C8CD5050-3C7F-11F7-756D-E9DBCACA6E81}.Debug|Any CPU.Build.0 = Debug|Any CPU
		{C8CD5050-3C7F-11F7-756D-E9DBCACA6E81}.Release|Any CPU.ActiveCfg = Release|Any CPU
		{C8CD5050-3C7F-11F7-756D-E9DBCACA6E81}.Release|Any CPU.Build.0 = Release|Any CPU
	EndGlobalSection
	GlobalSection(SolutionProperties) = preSolution
		HideSolutionNode = FALSE
	EndGlobalSection
EndGlobal
